// !$*UTF8*$!
{
	archiveVersion = 1;
	classes = {
	};
	objectVersion = 50;
	objects = {

/* Begin PBXBuildFile section */
		FCCCC47422D795AA00A9017E /* AppDelegate.swift in Sources */ = {isa = PBXBuildFile; fileRef = FCCCC47322D795AA00A9017E /* AppDelegate.swift */; };
		FCCCC47622D795AA00A9017E /* SceneDelegate.swift in Sources */ = {isa = PBXBuildFile; fileRef = FCCCC47522D795AA00A9017E /* SceneDelegate.swift */; };
		FCCCC47822D795AA00A9017E /* ViewController.swift in Sources */ = {isa = PBXBuildFile; fileRef = FCCCC47722D795AA00A9017E /* ViewController.swift */; };
		FCCCC47B22D795AA00A9017E /* Main.storyboard in Resources */ = {isa = PBXBuildFile; fileRef = FCCCC47922D795AA00A9017E /* Main.storyboard */; };
		FCCCC47D22D795AD00A9017E /* Assets.xcassets in Resources */ = {isa = PBXBuildFile; fileRef = FCCCC47C22D795AD00A9017E /* Assets.xcassets */; };
		FCCCC48022D795AD00A9017E /* LaunchScreen.storyboard in Resources */ = {isa = PBXBuildFile; fileRef = FCCCC47E22D795AD00A9017E /* LaunchScreen.storyboard */; };
		FCCCC48822D7973700A9017E /* detailsVC.swift in Sources */ = {isa = PBXBuildFile; fileRef = FCCCC48722D7973700A9017E /* detailsVC.swift */; };
		FCCCC48A22D79B0D00A9017E /* Simpson.swift in Sources */ = {isa = PBXBuildFile; fileRef = FCCCC48922D79B0D00A9017E /* Simpson.swift */; };
/* End PBXBuildFile section */

/* Begin PBXFileReference section */
		FCCCC47022D795AA00A9017E /* SimpsonBook.app */ = {isa = PBXFileReference; explicitFileType = wrapper.application; includeInIndex = 0; path = SimpsonBook.app; sourceTree = BUILT_PRODUCTS_DIR; };
		FCCCC47322D795AA00A9017E /* AppDelegate.swift */ = {isa = PBXFileReference; lastKnownFileType = sourcecode.swift; path = AppDelegate.swift; sourceTree = "<group>"; };
		FCCCC47522D795AA00A9017E /* SceneDelegate.swift */ = {isa = PBXFileReference; lastKnownFileType = sourcecode.swift; path = SceneDelegate.swift; sourceTree = "<group>"; };
		FCCCC47722D795AA00A9017E /* ViewController.swift */ = {isa = PBXFileReference; lastKnownFileType = sourcecode.swift; path = ViewController.swift; sourceTree = "<group>"; };
		FCCCC47A22D795AA00A9017E /* Base */ = {isa = PBXFileReference; lastKnownFileType = file.storyboard; name = Base; path = Base.lproj/Main.storyboard; sourceTree = "<group>"; };
		FCCCC47C22D795AD00A9017E /* Assets.xcassets */ = {isa = PBXFileReference; lastKnownFileType = folder.assetcatalog; path = Assets.xcassets; sourceTree = "<group>"; };
		FCCCC47F22D795AD00A9017E /* Base */ = {isa = PBXFileReference; lastKnownFileType = file.storyboard; name = Base; path = Base.lproj/LaunchScreen.storyboard; sourceTree = "<group>"; };
		FCCCC48122D795AD00A9017E /* Info.plist */ = {isa = PBXFileReference; lastKnownFileType = text.plist.xml; path = Info.plist; sourceTree = "<group>"; };
		FCCCC48722D7973700A9017E /* detailsVC.swift */ = {isa = PBXFileReference; lastKnownFileType = sourcecode.swift; path = detailsVC.swift; sourceTree = "<group>"; };
		FCCCC48922D79B0D00A9017E /* Simpson.swift */ = {isa = PBXFileReference; lastKnownFileType = sourcecode.swift; path = Simpson.swift; sourceTree = "<group>"; };
/* End PBXFileReference section */

/* Begin PBXFrameworksBuildPhase section */
		FCCCC46D22D795AA00A9017E /* Frameworks */ = {
			isa = PBXFrameworksBuildPhase;
			buildActionMask = 2147483647;
			files = (
			);
			runOnlyForDeploymentPostprocessing = 0;
		};
/* End PBXFrameworksBuildPhase section */

/* Begin PBXGroup section */
		FCCCC46722D795AA00A9017E = {
			isa = PBXGroup;
			children = (
				FCCCC47222D795AA00A9017E /* SimpsonBook */,
				FCCCC47122D795AA00A9017E /* Products */,
			);
			sourceTree = "<group>";
		};
		FCCCC47122D795AA00A9017E /* Products */ = {
			isa = PBXGroup;
			children = (
				FCCCC47022D795AA00A9017E /* SimpsonBook.app */,
			);
			name = Products;
			sourceTree = "<group>";
		};
		FCCCC47222D795AA00A9017E /* SimpsonBook */ = {
			isa = PBXGroup;
			children = (
				FCCCC47322D795AA00A9017E /* AppDelegate.swift */,
				FCCCC47522D795AA00A9017E /* SceneDelegate.swift */,
				FCCCC47722D795AA00A9017E /* ViewController.swift */,
				FCCCC48722D7973700A9017E /* detailsVC.swift */,
				FCCCC48922D79B0D00A9017E /* Simpson.swift */,
				FCCCC47922D795AA00A9017E /* Main.storyboard */,
				FCCCC47C22D795AD00A9017E /* Assets.xcassets */,
				FCCCC47E22D795AD00A9017E /* LaunchScreen.storyboard */,
				FCCCC48122D795AD00A9017E /* Info.plist */,
			);
			path = SimpsonBook;
			sourceTree = "<group>";
		};
/* End PBXGroup section */

/* Begin PBXNativeTarget section */
		FCCCC46F22D795AA00A9017E /* SimpsonBook */ = {
			isa = PBXNativeTarget;
			buildConfigurationList = FCCCC48422D795AD00A9017E /* Build configuration list for PBXNativeTarget "SimpsonBook" */;
			buildPhases = (
				FCCCC46C22D795AA00A9017E /* Sources */,
				FCCCC46D22D795AA00A9017E /* Frameworks */,
				FCCCC46E22D795AA00A9017E /* Resources */,
			);
			buildRules = (
			);
			dependencies = (
			);
			name = SimpsonBook;
			productName = SimpsonBook;
			productReference = FCCCC47022D795AA00A9017E /* SimpsonBook.app */;
			productType = "com.apple.product-type.application";
		};
/* End PBXNativeTarget section */

/* Begin PBXProject section */
		FCCCC46822D795AA00A9017E /* Project object */ = {
			isa = PBXProject;
			attributes = {
				LastSwiftUpdateCheck = 1100;
				LastUpgradeCheck = 1100;
				ORGANIZATIONNAME = "Atil Samancioglu";
				TargetAttributes = {
					FCCCC46F22D795AA00A9017E = {
						CreatedOnToolsVersion = 11.0;
					};
				};
			};
			buildConfigurationList = FCCCC46B22D795AA00A9017E /* Build configuration list for PBXProject "SimpsonBook" */;
			compatibilityVersion = "Xcode 9.3";
			developmentRegion = en;
			hasScannedForEncodings = 0;
			knownRegions = (
				en,
				Base,
			);
			mainGroup = FCCCC46722D795AA00A9017E;
			productRefGroup = FCCCC47122D795AA00A9017E /* Products */;
			projectDirPath = "";
			projectRoot = "";
			targets = (
				FCCCC46F22D795AA00A9017E /* SimpsonBook */,
			);
		};
/* End PBXProject section */

/* Begin PBXResourcesBuildPhase section */
		FCCCC46E22D795AA00A9017E /* Resources */ = {
			isa = PBXResourcesBuildPhase;
			buildActionMask = 2147483647;
			files = (
				FCCCC48022D795AD00A9017E /* LaunchScreen.storyboard in Resources */,
				FCCCC47D22D795AD00A9017E /* Assets.xcassets in Resources */,
				FCCCC47B22D795AA00A9017E /* Main.storyboard in Resources */,
			);
			runOnlyForDeploymentPostprocessing = 0;
		};
/* End PBXResourcesBuildPhase section */

/* Begin PBXSourcesBuildPhase section */
		FCCCC46C22D795AA00A9017E /* Sources */ = {
			isa = PBXSourcesBuildPhase;
			buildActionMask = 2147483647;
			files = (
				FCCCC47822D795AA00A9017E /* ViewController.swift in Sources */,
				FCCCC48822D7973700A9017E /* detailsVC.swift in Sources */,
				FCCCC47422D795AA00A9017E /* AppDelegate.swift in Sources */,
				FCCCC47622D795AA00A9017E /* SceneDelegate.swift in Sources */,
				FCCCC48A22D79B0D00A9017E /* Simpson.swift in Sources */,
			);
			runOnlyForDeploymentPostprocessing = 0;
		};
/* End PBXSourcesBuildPhase section */

/* Begin PBXVariantGroup section */
		FCCCC47922D795AA00A9017E /* Main.storyboard */ = {
			isa = PBXVariantGroup;
			children = (
				FCCCC47A22D795AA00A9017E /* Base */,
			);
			name = Main.storyboard;
			sourceTree = "<group>";
		};
		FCCCC47E22D795AD00A9017E /* LaunchScreen.storyboard */ = {
			isa = PBXVariantGroup;
			children = (
				FCCCC47F22D795AD00A9017E /* Base */,
			);
			name = LaunchScreen.storyboard;
			sourceTree = "<group>";
		};
/* End PBXVariantGroup section */

/* Begin XCBuildConfiguration section */
		FCCCC48222D795AD00A9017E /* Debug */ = {
			isa = XCBuildConfiguration;
			buildSettings = {
				ALWAYS_SEARCH_USER_PATHS = NO;
				CLANG_ANALYZER_NONNULL = YES;
				CLANG_ANALYZER_NUMBER_OBJECT_CONVERSION = YES_AGGRESSIVE;
				CLANG_CXX_LANGUAGE_STANDARD = "gnu++14";
				CLANG_CXX_LIBRARY = "libc++";
				CLANG_ENABLE_MODULES = YES;
				CLANG_ENABLE_OBJC_ARC = YES;
				CLANG_ENABLE_OBJC_WEAK = YES;
				CLANG_WARN_BLOCK_CAPTURE_AUTORELEASING = YES;
				CLANG_WARN_BOOL_CONVERSION = YES;
				CLANG_WARN_COMMA = YES;
				CLANG_WARN_CONSTANT_CONVERSION = YES;
				CLANG_WARN_DEPRECATED_OBJC_IMPLEMENTATIONS = YES;
				CLANG_WARN_DIRECT_OBJC_ISA_USAGE = YES_ERROR;
				CLANG_WARN_DOCUMENTATION_COMMENTS = YES;
				CLANG_WARN_EMPTY_BODY = YES;
				CLANG_WARN_ENUM_CONVERSION = YES;
				CLANG_WARN_INFINITE_RECURSION = YES;
				CLANG_WARN_INT_CONVERSION = YES;
				CLANG_WARN_NON_LITERAL_NULL_CONVERSION = YES;
				CLANG_WARN_OBJC_IMPLICIT_RETAIN_SELF = YES;
				CLANG_WARN_OBJC_LITERAL_CONVERSION = YES;
				CLANG_WARN_OBJC_ROOT_CLASS = YES_ERROR;
				CLANG_WARN_RANGE_LOOP_ANALYSIS = YES;
				CLANG_WARN_STRICT_PROTOTYPES = YES;
				CLANG_WARN_SUSPICIOUS_MOVE = YES;
				CLANG_WARN_UNGUARDED_AVAILABILITY = YES_AGGRESSIVE;
				CLANG_WARN_UNREACHABLE_CODE = YES;
				CLANG_WARN__DUPLICATE_METHOD_MATCH = YES;
				COPY_PHASE_STRIP = NO;
				DEBUG_INFORMATION_FORMAT = dwarf;
				ENABLE_STRICT_OBJC_MSGSEND = YES;
				ENABLE_TESTABILITY = YES;
				GCC_C_LANGUAGE_STANDARD = gnu11;
				GCC_DYNAMIC_NO_PIC = NO;
				GCC_NO_COMMON_BLOCKS = YES;
				GCC_OPTIMIZATION_LEVEL = 0;
				GCC_PREPROCESSOR_DEFINITIONS = (
					"DEBUG=1",
					"$(inherited)",
				);
				GCC_WARN_64_TO_32_BIT_CONVERSION = YES;
				GCC_WARN_ABOUT_RETURN_TYPE = YES_ERROR;
				GCC_WARN_UNDECLARED_SELECTOR = YES;
				GCC_WARN_UNINITIALIZED_AUTOS = YES_AGGRESSIVE;
				GCC_WARN_UNUSED_FUNCTION = YES;
				GCC_WARN_UNUSED_VARIABLE = YES;
				IPHONEOS_DEPLOYMENT_TARGET = 13.0;
				MTL_ENABLE_DEBUG_INFO = INCLUDE_SOURCE;
				MTL_FAST_MATH = YES;
				ONLY_ACTIVE_ARCH = YES;
				SDKROOT = iphoneos;
				SWIFT_ACTIVE_COMPILATION_CONDITIONS = DEBUG;
				SWIFT_OPTIMIZATION_LEVEL = "-Onone";
			};
			name = Debug;
		};
		FCCCC48322D795AD00A9017E /* Release */ = {
			isa = XCBuildConfiguration;
			buildSettings = {
				ALWAYS_SEARCH_USER_PATHS = NO;
				CLANG_ANALYZER_NONNULL = YES;
				CLANG_ANALYZER_NUMBER_OBJECT_CONVERSION = YES_AGGRESSIVE;
				CLANG_CXX_LANGUAGE_STANDARD = "gnu++14";
				CLANG_CXX_LIBRARY = "libc++";
				CLANG_ENABLE_MODULES = YES;
				CLANG_ENABLE_OBJC_ARC = YES;
				CLANG_ENABLE_OBJC_WEAK = YES;
				CLANG_WARN_BLOCK_CAPTURE_AUTORELEASING = YES;
				CLANG_WARN_BOOL_CONVERSION = YES;
				CLANG_WARN_COMMA = YES;
				CLANG_WARN_CONSTANT_CONVERSION = YES;
				CLANG_WARN_DEPRECATED_OBJC_IMPLEMENTATIONS = YES;
				CLANG_WARN_DIRECT_OBJC_ISA_USAGE = YES_ERROR;
				CLANG_WARN_DOCUMENTATION_COMMENTS = YES;
				CLANG_WARN_EMPTY_BODY = YES;
				CLANG_WARN_ENUM_CONVERSION = YES;
				CLANG_WARN_INFINITE_RECURSION = YES;
				CLANG_WARN_INT_CONVERSION = YES;
				CLANG_WARN_NON_LITERAL_NULL_CONVERSION = YES;
				CLANG_WARN_OBJC_IMPLICIT_RETAIN_SELF = YES;
				CLANG_WARN_OBJC_LITERAL_CONVERSION = YES;
				CLANG_WARN_OBJC_ROOT_CLASS = YES_ERROR;
				CLANG_WARN_RANGE_LOOP_ANALYSIS = YES;
				CLANG_WARN_STRICT_PROTOTYPES = YES;
				CLANG_WARN_SUSPICIOUS_MOVE = YES;
				CLANG_WARN_UNGUARDED_AVAILABILITY = YES_AGGRESSIVE;
				CLANG_WARN_UNREACHABLE_CODE = YES;
				CLANG_WARN__DUPLICATE_METHOD_MATCH = YES;
				COPY_PHASE_STRIP = NO;
				DEBUG_INFORMATION_FORMAT = "dwarf-with-dsym";
				ENABLE_NS_ASSERTIONS = NO;
				ENABLE_STRICT_OBJC_MSGSEND = YES;
				GCC_C_LANGUAGE_STANDARD = gnu11;
				GCC_NO_COMMON_BLOCKS = YES;
				GCC_WARN_64_TO_32_BIT_CONVERSION = YES;
				GCC_WARN_ABOUT_RETURN_TYPE = YES_ERROR;
				GCC_WARN_UNDECLARED_SELECTOR = YES;
				GCC_WARN_UNINITIALIZED_AUTOS = YES_AGGRESSIVE;
				GCC_WARN_UNUSED_FUNCTION = YES;
				GCC_WARN_UNUSED_VARIABLE = YES;
				IPHONEOS_DEPLOYMENT_TARGET = 13.0;
				MTL_ENABLE_DEBUG_INFO = NO;
				MTL_FAST_MATH = YES;
				SDKROOT = iphoneos;
				SWIFT_COMPILATION_MODE = wholemodule;
				SWIFT_OPTIMIZATION_LEVEL = "-O";
				VALIDATE_PRODUCT = YES;
			};
			name = Release;
		};
		FCCCC48522D795AD00A9017E /* Debug */ = {
			isa = XCBuildConfiguration;
			buildSettings = {
				ASSETCATALOG_COMPILER_APPICON_NAME = AppIcon;
				CODE_SIGN_STYLE = Automatic;
				DEVELOPMENT_TEAM = 7SH627DBA4;
				INFOPLIST_FILE = SimpsonBook/Info.plist;
				LD_RUNPATH_SEARCH_PATHS = (
					"$(inherited)",
					"@executable_path/Frameworks",
				);
				PRODUCT_BUNDLE_IDENTIFIER = com.atilsamancioglu.SimpsonBook;
				PRODUCT_NAME = "$(TARGET_NAME)";
				SWIFT_VERSION = 5.0;
				TARGETED_DEVICE_FAMILY = "1,2";
			};
			name = Debug;
		};
		FCCCC48622D795AD00A9017E /* Release */ = {
			isa = XCBuildConfiguration;
			buildSettings = {
				ASSETCATALOG_COMPILER_APPICON_NAME = AppIcon;
				CODE_SIGN_STYLE = Automatic;
				DEVELOPMENT_TEAM = 7SH627DBA4;
				INFOPLIST_FILE = SimpsonBook/Info.plist;
				LD_RUNPATH_SEARCH_PATHS = (
					"$(inherited)",
					"@executable_path/Frameworks",
				);
				PRODUCT_BUNDLE_IDENTIFIER = com.atilsamancioglu.SimpsonBook;
				PRODUCT_NAME = "$(TARGET_NAME)";
				SWIFT_VERSION = 5.0;
				TARGETED_DEVICE_FAMILY = "1,2";
			};
			name = Release;
		};
/* End XCBuildConfiguration section */

/* Begin XCConfigurationList section */
		FCCCC46B22D795AA00A9017E /* Build configuration list for PBXProject "SimpsonBook" */ = {
			isa = XCConfigurationList;
			buildConfigurations = (
				FCCCC48222D795AD00A9017E /* Debug */,
				FCCCC48322D795AD00A9017E /* Release */,
			);
			defaultConfigurationIsVisible = 0;
			defaultConfigurationName = Release;
		};
		FCCCC48422D795AD00A9017E /* Build configuration list for PBXNativeTarget "SimpsonBook" */ = {
			isa = XCConfigurationList;
			buildConfigurations = (
				FCCCC48522D795AD00A9017E /* Debug */,
				FCCCC48622D795AD00A9017E /* Release */,
			);
			defaultConfigurationIsVisible = 0;
			defaultConfigurationName = Release;
		};
/* End XCConfigurationList section */
	};
	rootObject = FCCCC46822D795AA00A9017E /* Project object */;
}
